github.com/Max144/cache v0.0.0-20230212155255-fb43059a713d h1:i5J+c8eMViAzUB5dfsEWPSGjtuAETR1BLbQW/815+Vc=
github.com/Max144/cache v0.0.0-20230212155255-fb43059a713d/go.mod h1:vHn3i4K2TeyY2sOM3Lbn3QRKc7JVto0uZDskArGQVlg=
github.com/Max144/cache v0.0.0-20230212155655-c52c403227bc h1:aVAUHfVKm0ciGlpnXNKPqW1E1mwT1jpPiQO5vCIKCLU=
github.com/Max144/cache v0.0.0-20230212155655-c52c403227bc/go.mod h1:vHn3i4K2TeyY2sOM3Lbn3QRKc7JVto0uZDskArGQVlg=
github.com/Max144/cache v0.0.0-20230218104538-18c72124ba8d h1:rJcgyCiXezCUd2AtA2MJJf9ooRaQ2InFgjIlQ2wXgtE=
github.com/Max144/cache v0.0.0-20230218104538-18c72124ba8d/go.mod h1:vHn3i4K2TeyY2sOM3Lbn3QRKc7JVto0uZDskArGQVlg=
